
Microsoft Visual Studio Solution File, Format Version 12.00
# Visual Studio Version 17
VisualStudioVersion = 17.0.31903.59
MinimumVisualStudioVersion = 10.0.40219.1
Project("{2150E333-8FDC-42A3-9474-1A3956D46DE8}") = "src", "src", "{6B44571E-695E-43B0-B5C8-8EC2D8CF26D0}"
EndProject
Project("{FAE04EC0-301F-11D3-BF4B-00C04F79EFBC}") = "Studio.Core", "src\Studio.Core\Studio.Core.csproj", "{6DE119FA-1409-4A34-A2CA-4446EF565F14}"
EndProject
Project("{FAE04EC0-301F-11D3-BF4B-00C04F79EFBC}") = "Studio.Imaging", "src\Studio.Imaging\Studio.Imaging.csproj", "{C8C7A407-F2CB-46D6-BDD6-9B6A2EFCD654}"
EndProject
Project("{FAE04EC0-301F-11D3-BF4B-00C04F79EFBC}") = "Studio.Printing", "src\Studio.Printing\Studio.Printing.csproj", "{60815C62-A10C-43CA-970C-737BD1E76015}"
EndProject
Project("{FAE04EC0-301F-11D3-BF4B-00C04F79EFBC}") = "Studio.Store", "src\Studio.Store\Studio.Store.csproj", "{859C4674-B0C6-4B7A-8B41-7E00FD72CD11}"
EndProject
Project("{FAE04EC0-301F-11D3-BF4B-00C04F79EFBC}") = "Studio.Sources", "src\Studio.Sources\Studio.Sources.csproj", "{B835E1A2-8D24-4CA3-A8A5-1BCAA722EB08}"
EndProject
Project("{FAE04EC0-301F-11D3-BF4B-00C04F79EFBC}") = "Studio.Web", "src\Studio.Web\Studio.Web.csproj", "{D2BCFCE7-36B3-44BD-8902-45218C82AD48}"
EndProject
Project("{FAE04EC0-301F-11D3-BF4B-00C04F79EFBC}") = "Studio.App", "src\Studio.App\Studio.App.csproj", "{A4A4B8A4-0FB5-481C-A6F2-0E5D97B1FE76}"
EndProject
Project("{2150E333-8FDC-42A3-9474-1A3956D46DE8}") = "tools", "tools", "{09B0DE10-2ECB-4EE0-A943-16792AA215AE}"
EndProject
Project("{FAE04EC0-301F-11D3-BF4B-00C04F79EFBC}") = "Studio.PrintProbe", "tools\Studio.PrintProbe\Studio.PrintProbe.csproj", "{7C5C6CD4-4044-4E94-BADA-BCCAF6CC3B15}"
EndProject
Project("{2150E333-8FDC-42A3-9474-1A3956D46DE8}") = "tests", "tests", "{78B85502-3DEE-4479-B1D0-C2784C4009D6}"
EndProject
Project("{FAE04EC0-301F-11D3-BF4B-00C04F79EFBC}") = "Studio.Tests", "tests\Studio.Tests\Studio.Tests.csproj", "{0EFA86AE-8F9E-4A6C-9C49-8124215778B9}"
EndProject
Global
	GlobalSection(SolutionConfigurationPlatforms) = preSolution
		Debug|Any CPU = Debug|Any CPU
		Release|Any CPU = Release|Any CPU
	EndGlobalSection
	GlobalSection(SolutionProperties) = preSolution
		HideSolutionNode = FALSE
	EndGlobalSection
	GlobalSection(ProjectConfigurationPlatforms) = postSolution
		{6DE119FA-1409-4A34-A2CA-4446EF565F14}.Debug|Any CPU.ActiveCfg = Debug|Any CPU
		{6DE119FA-1409-4A34-A2CA-4446EF565F14}.Debug|Any CPU.Build.0 = Debug|Any CPU
		{6DE119FA-1409-4A34-A2CA-4446EF565F14}.Release|Any CPU.ActiveCfg = Release|Any CPU
		{6DE119FA-1409-4A34-A2CA-4446EF565F14}.Release|Any CPU.Build.0 = Release|Any CPU
		{C8C7A407-F2CB-46D6-BDD6-9B6A2EFCD654}.Debug|Any CPU.ActiveCfg = Debug|Any CPU
		{C8C7A407-F2CB-46D6-BDD6-9B6A2EFCD654}.Debug|Any CPU.Build.0 = Debug|Any CPU
		{C8C7A407-F2CB-46D6-BDD6-9B6A2EFCD654}.Release|Any CPU.ActiveCfg = Release|Any CPU
		{C8C7A407-F2CB-46D6-BDD6-9B6A2EFCD654}.Release|Any CPU.Build.0 = Release|Any CPU
		{60815C62-A10C-43CA-970C-737BD1E76015}.Debug|Any CPU.ActiveCfg = Debug|Any CPU
		{60815C62-A10C-43CA-970C-737BD1E76015}.Debug|Any CPU.Build.0 = Debug|Any CPU
		{60815C62-A10C-43CA-970C-737BD1E76015}.Release|Any CPU.ActiveCfg = Release|Any CPU
		{60815C62-A10C-43CA-970C-737BD1E76015}.Release|Any CPU.Build.0 = Release|Any CPU
		{859C4674-B0C6-4B7A-8B41-7E00FD72CD11}.Debug|Any CPU.ActiveCfg = Debug|Any CPU
		{859C4674-B0C6-4B7A-8B41-7E00FD72CD11}.Debug|Any CPU.Build.0 = Debug|Any CPU
		{859C4674-B0C6-4B7A-8B41-7E00FD72CD11}.Release|Any CPU.ActiveCfg = Release|Any CPU
		{859C4674-B0C6-4B7A-8B41-7E00FD72CD11}.Release|Any CPU.Build.0 = Release|Any CPU
		{B835E1A2-8D24-4CA3-A8A5-1BCAA722EB08}.Debug|Any CPU.ActiveCfg = Debug|Any CPU
		{B835E1A2-8D24-4CA3-A8A5-1BCAA722EB08}.Debug|Any CPU.Build.0 = Debug|Any CPU
		{B835E1A2-8D24-4CA3-A8A5-1BCAA722EB08}.Release|Any CPU.ActiveCfg = Release|Any CPU
		{B835E1A2-8D24-4CA3-A8A5-1BCAA722EB08}.Release|Any CPU.Build.0 = Release|Any CPU
		{D2BCFCE7-36B3-44BD-8902-45218C82AD48}.Debug|Any CPU.ActiveCfg = Debug|Any CPU
		{D2BCFCE7-36B3-44BD-8902-45218C82AD48}.Debug|Any CPU.Build.0 = Debug|Any CPU
		{D2BCFCE7-36B3-44BD-8902-45218C82AD48}.Release|Any CPU.ActiveCfg = Release|Any CPU
		{D2BCFCE7-36B3-44BD-8902-45218C82AD48}.Release|Any CPU.Build.0 = Release|Any CPU
		{A4A4B8A4-0FB5-481C-A6F2-0E5D97B1FE76}.Debug|Any CPU.ActiveCfg = Debug|Any CPU
		{A4A4B8A4-0FB5-481C-A6F2-0E5D97B1FE76}.Debug|Any CPU.Build.0 = Debug|Any CPU
		{A4A4B8A4-0FB5-481C-A6F2-0E5D97B1FE76}.Release|Any CPU.ActiveCfg = Release|Any CPU
		{A4A4B8A4-0FB5-481C-A6F2-0E5D97B1FE76}.Release|Any CPU.Build.0 = Release|Any CPU
		{7C5C6CD4-4044-4E94-BADA-BCCAF6CC3B15}.Debug|Any CPU.ActiveCfg = Debug|Any CPU
		{7C5C6CD4-4044-4E94-BADA-BCCAF6CC3B15}.Debug|Any CPU.Build.0 = Debug|Any CPU
		{7C5C6CD4-4044-4E94-BADA-BCCAF6CC3B15}.Release|Any CPU.ActiveCfg = Release|Any CPU
		{7C5C6CD4-4044-4E94-BADA-BCCAF6CC3B15}.Release|Any CPU.Build.0 = Release|Any CPU
		{0EFA86AE-8F9E-4A6C-9C49-8124215778B9}.Debug|Any CPU.ActiveCfg = Debug|Any CPU
		{0EFA86AE-8F9E-4A6C-9C49-8124215778B9}.Debug|Any CPU.Build.0 = Debug|Any CPU
		{0EFA86AE-8F9E-4A6C-9C49-8124215778B9}.Release|Any CPU.ActiveCfg = Release|Any CPU
		{0EFA86AE-8F9E-4A6C-9C49-8124215778B9}.Release|Any CPU.Build.0 = Release|Any CPU
	EndGlobalSection
	GlobalSection(NestedProjects) = preSolution
		{6DE119FA-1409-4A34-A2CA-4446EF565F14} = {6B44571E-695E-43B0-B5C8-8EC2D8CF26D0}
		{C8C7A407-F2CB-46D6-BDD6-9B6A2EFCD654} = {6B44571E-695E-43B0-B5C8-8EC2D8CF26D0}
		{60815C62-A10C-43CA-970C-737BD1E76015} = {6B44571E-695E-43B0-B5C8-8EC2D8CF26D0}
		{859C4674-B0C6-4B7A-8B41-7E00FD72CD11} = {6B44571E-695E-43B0-B5C8-8EC2D8CF26D0}
		{B835E1A2-8D24-4CA3-A8A5-1BCAA722EB08} = {6B44571E-695E-43B0-B5C8-8EC2D8CF26D0}
		{D2BCFCE7-36B3-44BD-8902-45218C82AD48} = {6B44571E-695E-43B0-B5C8-8EC2D8CF26D0}
		{A4A4B8A4-0FB5-481C-A6F2-0E5D97B1FE76} = {6B44571E-695E-43B0-B5C8-8EC2D8CF26D0}
		{7C5C6CD4-4044-4E94-BADA-BCCAF6CC3B15} = {09B0DE10-2ECB-4EE0-A943-16792AA215AE}
		{0EFA86AE-8F9E-4A6C-9C49-8124215778B9} = {78B85502-3DEE-4479-B1D0-C2784C4009D6}
	EndGlobalSection
EndGlobal
